
Microsoft Visual Studio Solution File, Format Version 12.00
# Visual Studio 15
VisualStudioVersion = 15.0.28307.902
MinimumVisualStudioVersion = 10.0.40219.1
Project("{FAE04EC0-301F-11D3-BF4B-00C04F79EFBC}") = "Domain", "Domain\Domain.csproj", "{C419C876-3D26-45C1-A48E-4D24ADA5F90E}"
EndProject
Project("{FAE04EC0-301F-11D3-BF4B-00C04F79EFBC}") = "Service", "Service\Service.csproj", "{35E2E8BE-2A20-4E93-BAE4-084DC543C561}"
EndProject
Project("{FAE04EC0-301F-11D3-BF4B-00C04F79EFBC}") = "ServicePattern", "ServicePattern\ServicePattern.csproj", "{2ED9EA85-8177-4C97-B2E8-E313CFFFF535}"
EndProject
Project("{FAE04EC0-301F-11D3-BF4B-00C04F79EFBC}") = "Web", "Web\Web.csproj", "{D60B7D8D-CCBA-446F-8B19-5616147DAFF2}"
EndProject
Project("{FAE04EC0-301F-11D3-BF4B-00C04F79EFBC}") = "Data", "Data\Data.csproj", "{7078566F-E1A2-4EC5-8DE8-2814D6F01BE5}"
EndProject
Global
	GlobalSection(SolutionConfigurationPlatforms) = preSolution
		Debug|Any CPU = Debug|Any CPU
		Release|Any CPU = Release|Any CPU
	EndGlobalSection
	GlobalSection(ProjectConfigurationPlatforms) = postSolution
		{C419C876-3D26-45C1-A48E-4D24ADA5F90E}.Debug|Any CPU.ActiveCfg = Debug|Any CPU
		{C419C876-3D26-45C1-A48E-4D24ADA5F90E}.Debug|Any CPU.Build.0 = Debug|Any CPU
		{C419C876-3D26-45C1-A48E-4D24ADA5F90E}.Release|Any CPU.ActiveCfg = Release|Any CPU
		{C419C876-3D26-45C1-A48E-4D24ADA5F90E}.Release|Any CPU.Build.0 = Release|Any CPU
		{35E2E8BE-2A20-4E93-BAE4-084DC543C561}.Debug|Any CPU.ActiveCfg = Debug|Any CPU
		{35E2E8BE-2A20-4E93-BAE4-084DC543C561}.Debug|Any CPU.Build.0 = Debug|Any CPU
		{35E2E8BE-2A20-4E93-BAE4-084DC543C561}.Release|Any CPU.ActiveCfg = Release|Any CPU
		{35E2E8BE-2A20-4E93-BAE4-084DC543C561}.Release|Any CPU.Build.0 = Release|Any CPU
		{2ED9EA85-8177-4C97-B2E8-E313CFFFF535}.Debug|Any CPU.ActiveCfg = Debug|Any CPU
		{2ED9EA85-8177-4C97-B2E8-E313CFFFF535}.Debug|Any CPU.Build.0 = Debug|Any CPU
		{2ED9EA85-8177-4C97-B2E8-E313CFFFF535}.Release|Any CPU.ActiveCfg = Release|Any CPU
		{2ED9EA85-8177-4C97-B2E8-E313CFFFF535}.Release|Any CPU.Build.0 = Release|Any CPU
		{D60B7D8D-CCBA-446F-8B19-5616147DAFF2}.Debug|Any CPU.ActiveCfg = Debug|Any CPU
		{D60B7D8D-CCBA-446F-8B19-5616147DAFF2}.Debug|Any CPU.Build.0 = Debug|Any CPU
		{D60B7D8D-CCBA-446F-8B19-5616147DAFF2}.Release|Any CPU.ActiveCfg = Release|Any CPU
		{D60B7D8D-CCBA-446F-8B19-5616147DAFF2}.Release|Any CPU.Build.0 = Release|Any CPU
		{7078566F-E1A2-4EC5-8DE8-2814D6F01BE5}.Debug|Any CPU.ActiveCfg = Debug|Any CPU
		{7078566F-E1A2-4EC5-8DE8-2814D6F01BE5}.Debug|Any CPU.Build.0 = Debug|Any CPU
		{7078566F-E1A2-4EC5-8DE8-2814D6F01BE5}.Release|Any CPU.ActiveCfg = Release|Any CPU
		{7078566F-E1A2-4EC5-8DE8-2814D6F01BE5}.Release|Any CPU.Build.0 = Release|Any CPU
	EndGlobalSection
	GlobalSection(SolutionProperties) = preSolution
		HideSolutionNode = FALSE
	EndGlobalSection
	GlobalSection(ExtensibilityGlobals) = postSolution
		SolutionGuid = {49CEE57F-754A-4D40-A0BE-E68A9E54D4EA}
	EndGlobalSection
EndGlobal
